
Microsoft Visual Studio Solution File, Format Version 12.00
Project("{FAE04EC0-301F-11D3-BF4B-00C04F79EFBC}") = "AsaaS", "AsaaS\AsaaS.csproj", "{5820CF18-D9FA-41D1-88B2-071AB8BFDE07}"
EndProject
Project("{FAE04EC0-301F-11D3-BF4B-00C04F79EFBC}") = "AsaaS.Test", "AsaaS.Test\AsaaS.Test.csproj", "{DD233D3F-8A69-4D91-8D90-8A035086D364}"
EndProject
Global
	GlobalSection(SolutionConfigurationPlatforms) = preSolution
		Debug|Any CPU = Debug|Any CPU
		Release|Any CPU = Release|Any CPU
	EndGlobalSection
	GlobalSection(ProjectConfigurationPlatforms) = postSolution
		{5820CF18-D9FA-41D1-88B2-071AB8BFDE07}.Debug|Any CPU.ActiveCfg = Debug|Any CPU
		{5820CF18-D9FA-41D1-88B2-071AB8BFDE07}.Debug|Any CPU.Build.0 = Debug|Any CPU
		{5820CF18-D9FA-41D1-88B2-071AB8BFDE07}.Release|Any CPU.ActiveCfg = Release|Any CPU
		{5820CF18-D9FA-41D1-88B2-071AB8BFDE07}.Release|Any CPU.Build.0 = Release|Any CPU
		{DD233D3F-8A69-4D91-8D90-8A035086D364}.Debug|Any CPU.ActiveCfg = Debug|Any CPU
		{DD233D3F-8A69-4D91-8D90-8A035086D364}.Debug|Any CPU.Build.0 = Debug|Any CPU
		{DD233D3F-8A69-4D91-8D90-8A035086D364}.Release|Any CPU.ActiveCfg = Release|Any CPU
		{DD233D3F-8A69-4D91-8D90-8A035086D364}.Release|Any CPU.Build.0 = Release|Any CPU
	EndGlobalSection
EndGlobal
